
Microsoft Visual Studio Solution File, Format Version 12.00
# Visual Studio 2012
Project("{FAE04EC0-301F-11D3-BF4B-00C04F79EFBC}") = "BackendService", "BackendService\BackendService.csproj", "{03D21A64-54BA-46B4-9907-A2A493885FB7}"
EndProject
Project("{FAE04EC0-301F-11D3-BF4B-00C04F79EFBC}") = "OrderModels", "..\OrderModels\OrderModels.csproj", "{4BD7A407-94A4-41A7-BFD3-C86B65281DAA}"
EndProject
Global
	GlobalSection(SolutionConfigurationPlatforms) = preSolution
		Debug|Any CPU = Debug|Any CPU
		Release|Any CPU = Release|Any CPU
	EndGlobalSection
	GlobalSection(ProjectConfigurationPlatforms) = postSolution
		{03D21A64-54BA-46B4-9907-A2A493885FB7}.Debug|Any CPU.ActiveCfg = Debug|Any CPU
		{03D21A64-54BA-46B4-9907-A2A493885FB7}.Debug|Any CPU.Build.0 = Debug|Any CPU
		{03D21A64-54BA-46B4-9907-A2A493885FB7}.Release|Any CPU.ActiveCfg = Release|Any CPU
		{03D21A64-54BA-46B4-9907-A2A493885FB7}.Release|Any CPU.Build.0 = Release|Any CPU
		{4BD7A407-94A4-41A7-BFD3-C86B65281DAA}.Debug|Any CPU.ActiveCfg = Debug|Any CPU
		{4BD7A407-94A4-41A7-BFD3-C86B65281DAA}.Debug|Any CPU.Build.0 = Debug|Any CPU
		{4BD7A407-94A4-41A7-BFD3-C86B65281DAA}.Release|Any CPU.ActiveCfg = Release|Any CPU
		{4BD7A407-94A4-41A7-BFD3-C86B65281DAA}.Release|Any CPU.Build.0 = Release|Any CPU
	EndGlobalSection
	GlobalSection(SolutionProperties) = preSolution
		HideSolutionNode = FALSE
	EndGlobalSection
EndGlobal
